
Microsoft Visual Studio Solution File, Format Version 12.00
# Visual Studio Version 17
VisualStudioVersion = 17.4.33205.214
MinimumVisualStudioVersion = 10.0.40219.1
Project("{FAE04EC0-301F-11D3-BF4B-00C04F79EFBC}") = "VISUAL STUDIO HTML SUBMISSION ASSIGNMENT", "VISUAL STUDIO HTML SUBMISSION ASSIGNMENT\VISUAL STUDIO HTML SUBMISSION ASSIGNMENT.csproj", "{63169275-F3A1-44B1-A808-7E6CCB973BEA}"
EndProject
Global
	GlobalSection(SolutionConfigurationPlatforms) = preSolution
		Debug|Any CPU = Debug|Any CPU
		Release|Any CPU = Release|Any CPU
	EndGlobalSection
	GlobalSection(ProjectConfigurationPlatforms) = postSolution
		{63169275-F3A1-44B1-A808-7E6CCB973BEA}.Debug|Any CPU.ActiveCfg = Debug|Any CPU
		{63169275-F3A1-44B1-A808-7E6CCB973BEA}.Debug|Any CPU.Build.0 = Debug|Any CPU
		{63169275-F3A1-44B1-A808-7E6CCB973BEA}.Release|Any CPU.ActiveCfg = Release|Any CPU
		{63169275-F3A1-44B1-A808-7E6CCB973BEA}.Release|Any CPU.Build.0 = Release|Any CPU
	EndGlobalSection
	GlobalSection(SolutionProperties) = preSolution
		HideSolutionNode = FALSE
	EndGlobalSection
	GlobalSection(ExtensibilityGlobals) = postSolution
		SolutionGuid = {33F96391-C5BC-40E3-91F7-618EA7BD3A23}
	EndGlobalSection
EndGlobal
